// !$*UTF8*$!
{
	archiveVersion = 1;
	classes = {
	};
	objectVersion = 50;
	objects = {

/* Begin PBXBuildFile section */
		AA933072232B5C5B0049115C /* AppDelegate.swift in Sources */ = {isa = PBXBuildFile; fileRef = AA933071232B5C5B0049115C /* AppDelegate.swift */; };
		AA933074232B5C5B0049115C /* SceneDelegate.swift in Sources */ = {isa = PBXBuildFile; fileRef = AA933073232B5C5B0049115C /* SceneDelegate.swift */; };
		AA933076232B5C5B0049115C /* ContentView.swift in Sources */ = {isa = PBXBuildFile; fileRef = AA933075232B5C5B0049115C /* ContentView.swift */; };
		AA933078232B5C5C0049115C /* Assets.xcassets in Resources */ = {isa = PBXBuildFile; fileRef = AA933077232B5C5C0049115C /* Assets.xcassets */; };
		AA93307B232B5C5C0049115C /* Preview Assets.xcassets in Resources */ = {isa = PBXBuildFile; fileRef = AA93307A232B5C5C0049115C /* Preview Assets.xcassets */; };
		AA93307E232B5C5C0049115C /* LaunchScreen.storyboard in Resources */ = {isa = PBXBuildFile; fileRef = AA93307C232B5C5C0049115C /* LaunchScreen.storyboard */; };
		AA933086232B5D070049115C /* LongPressSampleView.swift in Sources */ = {isa = PBXBuildFile; fileRef = AA933085232B5D070049115C /* LongPressSampleView.swift */; };
		AA933088232B5D970049115C /* DragSampleView.swift in Sources */ = {isa = PBXBuildFile; fileRef = AA933087232B5D970049115C /* DragSampleView.swift */; };
		AA93308A232B62860049115C /* CompositeGestureSampleView.swift in Sources */ = {isa = PBXBuildFile; fileRef = AA933089232B62860049115C /* CompositeGestureSampleView.swift */; };
/* End PBXBuildFile section */

/* Begin PBXFileReference section */
		AA93306E232B5C5B0049115C /* GestureSample.app */ = {isa = PBXFileReference; explicitFileType = wrapper.application; includeInIndex = 0; path = GestureSample.app; sourceTree = BUILT_PRODUCTS_DIR; };
		AA933071232B5C5B0049115C /* AppDelegate.swift */ = {isa = PBXFileReference; lastKnownFileType = sourcecode.swift; path = AppDelegate.swift; sourceTree = "<group>"; };
		AA933073232B5C5B0049115C /* SceneDelegate.swift */ = {isa = PBXFileReference; lastKnownFileType = sourcecode.swift; path = SceneDelegate.swift; sourceTree = "<group>"; };
		AA933075232B5C5B0049115C /* ContentView.swift */ = {isa = PBXFileReference; lastKnownFileType = sourcecode.swift; path = ContentView.swift; sourceTree = "<group>"; };
		AA933077232B5C5C0049115C /* Assets.xcassets */ = {isa = PBXFileReference; lastKnownFileType = folder.assetcatalog; path = Assets.xcassets; sourceTree = "<group>"; };
		AA93307A232B5C5C0049115C /* Preview Assets.xcassets */ = {isa = PBXFileReference; lastKnownFileType = folder.assetcatalog; path = "Preview Assets.xcassets"; sourceTree = "<group>"; };
		AA93307D232B5C5C0049115C /* Base */ = {isa = PBXFileReference; lastKnownFileType = file.storyboard; name = Base; path = Base.lproj/LaunchScreen.storyboard; sourceTree = "<group>"; };
		AA93307F232B5C5C0049115C /* Info.plist */ = {isa = PBXFileReference; lastKnownFileType = text.plist.xml; path = Info.plist; sourceTree = "<group>"; };
		AA933085232B5D070049115C /* LongPressSampleView.swift */ = {isa = PBXFileReference; fileEncoding = 4; lastKnownFileType = sourcecode.swift; path = LongPressSampleView.swift; sourceTree = "<group>"; };
		AA933087232B5D970049115C /* DragSampleView.swift */ = {isa = PBXFileReference; lastKnownFileType = sourcecode.swift; path = DragSampleView.swift; sourceTree = "<group>"; };
		AA933089232B62860049115C /* CompositeGestureSampleView.swift */ = {isa = PBXFileReference; lastKnownFileType = sourcecode.swift; path = CompositeGestureSampleView.swift; sourceTree = "<group>"; };
/* End PBXFileReference section */

/* Begin PBXFrameworksBuildPhase section */
		AA93306B232B5C5B0049115C /* Frameworks */ = {
			isa = PBXFrameworksBuildPhase;
			buildActionMask = 2147483647;
			files = (
			);
			runOnlyForDeploymentPostprocessing = 0;
		};
/* End PBXFrameworksBuildPhase section */

/* Begin PBXGroup section */
		AA933065232B5C5B0049115C = {
			isa = PBXGroup;
			children = (
				AA933070232B5C5B0049115C /* GestureSample */,
				AA93306F232B5C5B0049115C /* Products */,
			);
			sourceTree = "<group>";
		};
		AA93306F232B5C5B0049115C /* Products */ = {
			isa = PBXGroup;
			children = (
				AA93306E232B5C5B0049115C /* GestureSample.app */,
			);
			name = Products;
			sourceTree = "<group>";
		};
		AA933070232B5C5B0049115C /* GestureSample */ = {
			isa = PBXGroup;
			children = (
				AA933071232B5C5B0049115C /* AppDelegate.swift */,
				AA933073232B5C5B0049115C /* SceneDelegate.swift */,
				AA933075232B5C5B0049115C /* ContentView.swift */,
				AA933085232B5D070049115C /* LongPressSampleView.swift */,
				AA933087232B5D970049115C /* DragSampleView.swift */,
				AA933089232B62860049115C /* CompositeGestureSampleView.swift */,
				AA933077232B5C5C0049115C /* Assets.xcassets */,
				AA93307C232B5C5C0049115C /* LaunchScreen.storyboard */,
				AA93307F232B5C5C0049115C /* Info.plist */,
				AA933079232B5C5C0049115C /* Preview Content */,
			);
			path = GestureSample;
			sourceTree = "<group>";
		};
		AA933079232B5C5C0049115C /* Preview Content */ = {
			isa = PBXGroup;
			children = (
				AA93307A232B5C5C0049115C /* Preview Assets.xcassets */,
			);
			path = "Preview Content";
			sourceTree = "<group>";
		};
/* End PBXGroup section */

/* Begin PBXNativeTarget section */
		AA93306D232B5C5B0049115C /* GestureSample */ = {
			isa = PBXNativeTarget;
			buildConfigurationList = AA933082232B5C5C0049115C /* Build configuration list for PBXNativeTarget "GestureSample" */;
			buildPhases = (
				AA93306A232B5C5B0049115C /* Sources */,
				AA93306B232B5C5B0049115C /* Frameworks */,
				AA93306C232B5C5B0049115C /* Resources */,
			);
			buildRules = (
			);
			dependencies = (
			);
			name = GestureSample;
			productName = GestureSample;
			productReference = AA93306E232B5C5B0049115C /* GestureSample.app */;
			productType = "com.apple.product-type.application";
		};
/* End PBXNativeTarget section */

/* Begin PBXProject section */
		AA933066232B5C5B0049115C /* Project object */ = {
			isa = PBXProject;
			attributes = {
				LastSwiftUpdateCheck = 1100;
				LastUpgradeCheck = 1100;
				ORGANIZATIONNAME = hokuron;
				TargetAttributes = {
					AA93306D232B5C5B0049115C = {
						CreatedOnToolsVersion = 11.0;
					};
				};
			};
			buildConfigurationList = AA933069232B5C5B0049115C /* Build configuration list for PBXProject "GestureSample" */;
			compatibilityVersion = "Xcode 9.3";
			developmentRegion = en;
			hasScannedForEncodings = 0;
			knownRegions = (
				en,
				Base,
			);
			mainGroup = AA933065232B5C5B0049115C;
			productRefGroup = AA93306F232B5C5B0049115C /* Products */;
			projectDirPath = "";
			projectRoot = "";
			targets = (
				AA93306D232B5C5B0049115C /* GestureSample */,
			);
		};
/* End PBXProject section */

/* Begin PBXResourcesBuildPhase section */
		AA93306C232B5C5B0049115C /* Resources */ = {
			isa = PBXResourcesBuildPhase;
			buildActionMask = 2147483647;
			files = (
				AA93307E232B5C5C0049115C /* LaunchScreen.storyboard in Resources */,
				AA93307B232B5C5C0049115C /* Preview Assets.xcassets in Resources */,
				AA933078232B5C5C0049115C /* Assets.xcassets in Resources */,
			);
			runOnlyForDeploymentPostprocessing = 0;
		};
/* End PBXResourcesBuildPhase section */

/* Begin PBXSourcesBuildPhase section */
		AA93306A232B5C5B0049115C /* Sources */ = {
			isa = PBXSourcesBuildPhase;
			buildActionMask = 2147483647;
			files = (
				AA933072232B5C5B0049115C /* AppDelegate.swift in Sources */,
				AA933074232B5C5B0049115C /* SceneDelegate.swift in Sources */,
				AA93308A232B62860049115C /* CompositeGestureSampleView.swift in Sources */,
				AA933086232B5D070049115C /* LongPressSampleView.swift in Sources */,
				AA933088232B5D970049115C /* DragSampleView.swift in Sources */,
				AA933076232B5C5B0049115C /* ContentView.swift in Sources */,
			);
			runOnlyForDeploymentPostprocessing = 0;
		};
/* End PBXSourcesBuildPhase section */

/* Begin PBXVariantGroup section */
		AA93307C232B5C5C0049115C /* LaunchScreen.storyboard */ = {
			isa = PBXVariantGroup;
			children = (
				AA93307D232B5C5C0049115C /* Base */,
			);
			name = LaunchScreen.storyboard;
			sourceTree = "<group>";
		};
/* End PBXVariantGroup section */

/* Begin XCBuildConfiguration section */
		AA933080232B5C5C0049115C /* Debug */ = {
			isa = XCBuildConfiguration;
			buildSettings = {
				ALWAYS_SEARCH_USER_PATHS = NO;
				CLANG_ANALYZER_NONNULL = YES;
				CLANG_ANALYZER_NUMBER_OBJECT_CONVERSION = YES_AGGRESSIVE;
				CLANG_CXX_LANGUAGE_STANDARD = "gnu++14";
				CLANG_CXX_LIBRARY = "libc++";
				CLANG_ENABLE_MODULES = YES;
				CLANG_ENABLE_OBJC_ARC = YES;
				CLANG_ENABLE_OBJC_WEAK = YES;
				CLANG_WARN_BLOCK_CAPTURE_AUTORELEASING = YES;
				CLANG_WARN_BOOL_CONVERSION = YES;
				CLANG_WARN_COMMA = YES;
				CLANG_WARN_CONSTANT_CONVERSION = YES;
				CLANG_WARN_DEPRECATED_OBJC_IMPLEMENTATIONS = YES;
				CLANG_WARN_DIRECT_OBJC_ISA_USAGE = YES_ERROR;
				CLANG_WARN_DOCUMENTATION_COMMENTS = YES;
				CLANG_WARN_EMPTY_BODY = YES;
				CLANG_WARN_ENUM_CONVERSION = YES;
				CLANG_WARN_INFINITE_RECURSION = YES;
				CLANG_WARN_INT_CONVERSION = YES;
				CLANG_WARN_NON_LITERAL_NULL_CONVERSION = YES;
				CLANG_WARN_OBJC_IMPLICIT_RETAIN_SELF = YES;
				CLANG_WARN_OBJC_LITERAL_CONVERSION = YES;
				CLANG_WARN_OBJC_ROOT_CLASS = YES_ERROR;
				CLANG_WARN_RANGE_LOOP_ANALYSIS = YES;
				CLANG_WARN_STRICT_PROTOTYPES = YES;
				CLANG_WARN_SUSPICIOUS_MOVE = YES;
				CLANG_WARN_UNGUARDED_AVAILABILITY = YES_AGGRESSIVE;
				CLANG_WARN_UNREACHABLE_CODE = YES;
				CLANG_WARN__DUPLICATE_METHOD_MATCH = YES;
				COPY_PHASE_STRIP = NO;
				DEBUG_INFORMATION_FORMAT = dwarf;
				ENABLE_STRICT_OBJC_MSGSEND = YES;
				ENABLE_TESTABILITY = YES;
				GCC_C_LANGUAGE_STANDARD = gnu11;
				GCC_DYNAMIC_NO_PIC = NO;
				GCC_NO_COMMON_BLOCKS = YES;
				GCC_OPTIMIZATION_LEVEL = 0;
				GCC_PREPROCESSOR_DEFINITIONS = (
					"DEBUG=1",
					"$(inherited)",
				);
				GCC_WARN_64_TO_32_BIT_CONVERSION = YES;
				GCC_WARN_ABOUT_RETURN_TYPE = YES_ERROR;
				GCC_WARN_UNDECLARED_SELECTOR = YES;
				GCC_WARN_UNINITIALIZED_AUTOS = YES_AGGRESSIVE;
				GCC_WARN_UNUSED_FUNCTION = YES;
				GCC_WARN_UNUSED_VARIABLE = YES;
				IPHONEOS_DEPLOYMENT_TARGET = 13.0;
				MTL_ENABLE_DEBUG_INFO = INCLUDE_SOURCE;
				MTL_FAST_MATH = YES;
				ONLY_ACTIVE_ARCH = YES;
				SDKROOT = iphoneos;
				SWIFT_ACTIVE_COMPILATION_CONDITIONS = DEBUG;
				SWIFT_OPTIMIZATION_LEVEL = "-Onone";
			};
			name = Debug;
		};
		AA933081232B5C5C0049115C /* Release */ = {
			isa = XCBuildConfiguration;
			buildSettings = {
				ALWAYS_SEARCH_USER_PATHS = NO;
				CLANG_ANALYZER_NONNULL = YES;
				CLANG_ANALYZER_NUMBER_OBJECT_CONVERSION = YES_AGGRESSIVE;
				CLANG_CXX_LANGUAGE_STANDARD = "gnu++14";
				CLANG_CXX_LIBRARY = "libc++";
				CLANG_ENABLE_MODULES = YES;
				CLANG_ENABLE_OBJC_ARC = YES;
				CLANG_ENABLE_OBJC_WEAK = YES;
				CLANG_WARN_BLOCK_CAPTURE_AUTORELEASING = YES;
				CLANG_WARN_BOOL_CONVERSION = YES;
				CLANG_WARN_COMMA = YES;
				CLANG_WARN_CONSTANT_CONVERSION = YES;
				CLANG_WARN_DEPRECATED_OBJC_IMPLEMENTATIONS = YES;
				CLANG_WARN_DIRECT_OBJC_ISA_USAGE = YES_ERROR;
				CLANG_WARN_DOCUMENTATION_COMMENTS = YES;
				CLANG_WARN_EMPTY_BODY = YES;
				CLANG_WARN_ENUM_CONVERSION = YES;
				CLANG_WARN_INFINITE_RECURSION = YES;
				CLANG_WARN_INT_CONVERSION = YES;
				CLANG_WARN_NON_LITERAL_NULL_CONVERSION = YES;
				CLANG_WARN_OBJC_IMPLICIT_RETAIN_SELF = YES;
				CLANG_WARN_OBJC_LITERAL_CONVERSION = YES;
				CLANG_WARN_OBJC_ROOT_CLASS = YES_ERROR;
				CLANG_WARN_RANGE_LOOP_ANALYSIS = YES;
				CLANG_WARN_STRICT_PROTOTYPES = YES;
				CLANG_WARN_SUSPICIOUS_MOVE = YES;
				CLANG_WARN_UNGUARDED_AVAILABILITY = YES_AGGRESSIVE;
				CLANG_WARN_UNREACHABLE_CODE = YES;
				CLANG_WARN__DUPLICATE_METHOD_MATCH = YES;
				COPY_PHASE_STRIP = NO;
				DEBUG_INFORMATION_FORMAT = "dwarf-with-dsym";
				ENABLE_NS_ASSERTIONS = NO;
				ENABLE_STRICT_OBJC_MSGSEND = YES;
				GCC_C_LANGUAGE_STANDARD = gnu11;
				GCC_NO_COMMON_BLOCKS = YES;
				GCC_WARN_64_TO_32_BIT_CONVERSION = YES;
				GCC_WARN_ABOUT_RETURN_TYPE = YES_ERROR;
				GCC_WARN_UNDECLARED_SELECTOR = YES;
				GCC_WARN_UNINITIALIZED_AUTOS = YES_AGGRESSIVE;
				GCC_WARN_UNUSED_FUNCTION = YES;
				GCC_WARN_UNUSED_VARIABLE = YES;
				IPHONEOS_DEPLOYMENT_TARGET = 13.0;
				MTL_ENABLE_DEBUG_INFO = NO;
				MTL_FAST_MATH = YES;
				SDKROOT = iphoneos;
				SWIFT_COMPILATION_MODE = wholemodule;
				SWIFT_OPTIMIZATION_LEVEL = "-O";
				VALIDATE_PRODUCT = YES;
			};
			name = Release;
		};
		AA933083232B5C5C0049115C /* Debug */ = {
			isa = XCBuildConfiguration;
			buildSettings = {
				ASSETCATALOG_COMPILER_APPICON_NAME = AppIcon;
				CODE_SIGN_STYLE = Automatic;
				DEVELOPMENT_ASSET_PATHS = "\"GestureSample/Preview Content\"";
				DEVELOPMENT_TEAM = 44AEPJ23FE;
				ENABLE_PREVIEWS = YES;
				INFOPLIST_FILE = GestureSample/Info.plist;
				LD_RUNPATH_SEARCH_PATHS = (
					"$(inherited)",
					"@executable_path/Frameworks",
				);
				PRODUCT_BUNDLE_IDENTIFIER = com.hokuron.swiftui.GestureSample;
				PRODUCT_NAME = "$(TARGET_NAME)";
				SWIFT_VERSION = 5.0;
				TARGETED_DEVICE_FAMILY = "1,2";
			};
			name = Debug;
		};
		AA933084232B5C5C0049115C /* Release */ = {
			isa = XCBuildConfiguration;
			buildSettings = {
				ASSETCATALOG_COMPILER_APPICON_NAME = AppIcon;
				CODE_SIGN_STYLE = Automatic;
				DEVELOPMENT_ASSET_PATHS = "\"GestureSample/Preview Content\"";
				DEVELOPMENT_TEAM = 44AEPJ23FE;
				ENABLE_PREVIEWS = YES;
				INFOPLIST_FILE = GestureSample/Info.plist;
				LD_RUNPATH_SEARCH_PATHS = (
					"$(inherited)",
					"@executable_path/Frameworks",
				);
				PRODUCT_BUNDLE_IDENTIFIER = com.hokuron.swiftui.GestureSample;
				PRODUCT_NAME = "$(TARGET_NAME)";
				SWIFT_VERSION = 5.0;
				TARGETED_DEVICE_FAMILY = "1,2";
			};
			name = Release;
		};
/* End XCBuildConfiguration section */

/* Begin XCConfigurationList section */
		AA933069232B5C5B0049115C /* Build configuration list for PBXProject "GestureSample" */ = {
			isa = XCConfigurationList;
			buildConfigurations = (
				AA933080232B5C5C0049115C /* Debug */,
				AA933081232B5C5C0049115C /* Release */,
			);
			defaultConfigurationIsVisible = 0;
			defaultConfigurationName = Release;
		};
		AA933082232B5C5C0049115C /* Build configuration list for PBXNativeTarget "GestureSample" */ = {
			isa = XCConfigurationList;
			buildConfigurations = (
				AA933083232B5C5C0049115C /* Debug */,
				AA933084232B5C5C0049115C /* Release */,
			);
			defaultConfigurationIsVisible = 0;
			defaultConfigurationName = Release;
		};
/* End XCConfigurationList section */
	};
	rootObject = AA933066232B5C5B0049115C /* Project object */;
}
